{
  "buildHash": "ac0ba8458ced76cfc1603a04168c9779",
  "jsApi": {
    "apiInstances": [],
    "apiAliases": {
      "Color a": "#[a, a, a]"
    },
    "apiInterfaces": {},
    "apiNames": {
      "contrastBlack": "#[Float, Float, Float] -> Boolean",
      "src/Constants.mad#ANSI_FOREGROUND": "Number a => a",
      "src/Constants.mad#FULL_COLOR_CHANNEL": "Number a => a",
      "BLACK": "(Number a, Number b, Number c) => #[c, b, a]",
      "seededAnsi": "String -> String -> List String",
      "src/Hexadecimal.mad#intFromHex": "String -> Integer",
      "luminosity": "#[Float, Float, Float] -> Float",
      "toList": "#[a, a, a] -> List a",
      "toTupleFloat": "#[Integer, Integer, Integer] -> #[Float, Float, Float]",
      "fromHexString": "String -> #[Integer, Integer, Integer]",
      "src/Random.mad#seededSeqBg": "String -> List String",
      "src/Hexadecimal.mad#hexChar": "Char -> Integer",
      "colorize": "String -> String -> String",
      "WHITE": "(Number a, Number b, Number c) => #[c, b, a]",
      "invert": "Number a => a -> a",
      "src/Hexadecimal.mad#toHexString": "#[Integer, Integer, Integer] -> String",
      "src/Math.mad#toAnsi256": "(Bits a, Comparable a, Number a) => a -> a -> a -> Float",
      "mapR": "(a -> a) -> #[a, a, a] -> #[a, a, a]",
      "src/Math.mad#channelB": "Integer -> Integer",
      "toHexString": "#[Integer, Integer, Integer] -> String",
      "toTupleInt": "#[Float, Float, Float] -> #[Integer, Integer, Integer]",
      "hexFromInt": "Integer -> String",
      "src/Math.mad#channelG": "Integer -> Integer",
      "toChannel": "Bits a => #[a, a, a] -> a",
      "mixer": "(#[a, a, a] -> #[a, a, a] -> #[b, b, b]) -> #[a, a, a] -> #[a, a, a] -> #[b, b, b]",
      "highContrast": "Boolean -> #[Float, Float, Float] -> #[Float, Float, Float] -> Boolean",
      "bwContrast": "#[Float, Float, Float] -> #[Float, Float, Float]",
      "src/Hexadecimal.mad#intToHex": "Integer -> Char",
      "src/Constants.mad#ANSI_BACKGROUND": "Number a => a",
      "src/Hexadecimal.mad#hexFromInt": "Integer -> String",
      "src/Random.mad#seededSeqFg": "String -> List String",
      "toInteger": "Number a => #[a, a, a] -> a",
      "rgbInvert": "Number a => #[a, a, a] -> #[a, a, a]",
      "src/Random.mad#seededSeq": "Integer -> String -> List String",
      "contrastLevel": "Boolean -> #[Float, Float, Float] -> #[Float, Float, Float] -> ContrastLevel",
      "change": "(a -> b) -> #[a, a, a] -> #[b, b, b]",
      "mapRGB": "(a -> b) -> (a -> b) -> (a -> b) -> #[a, a, a] -> #[b, b, b]",
      "toFloat": "(Number a, Number b, Number c) => #[c, b, a] -> Float",
      "src/Random.mad#colorFromSeed": "{ get :: {} -> Seed, update :: {} -> {} } -> #[Integer, Integer, Integer]",
      "bwContrastHex": "String -> String",
      "fromFloat": "Integer -> #[Integer, Integer, Integer]",
      "contrast": "#[Float, Float, Float] -> #[Float, Float, Float] -> Float",
      "mapB": "(a -> a) -> #[a, a, a] -> #[a, a, a]",
      "src/Math.mad#channelR": "Integer -> Integer",
      "mapG": "(a -> a) -> #[a, a, a] -> #[a, a, a]"
    },
    "apiTypes": {
      "ContrastLevel": [
        "AAALarge",
        "AALarge",
        "AAA",
        "AA",
        "LowContrast"
      ]
    }
  },
  "llvmApi": {
    "apiInstances": [],
    "apiAliases": {
      "Color a": "#[a, a, a]"
    },
    "apiInterfaces": {},
    "apiNames": {
      "contrastBlack": "#[Float, Float, Float] -> Boolean",
      "src/Constants.mad#ANSI_FOREGROUND": "Number a => a",
      "src/Constants.mad#FULL_COLOR_CHANNEL": "Number a => a",
      "BLACK": "(Number a, Number b, Number c) => #[c, b, a]",
      "seededAnsi": "String -> String -> List String",
      "src/Hexadecimal.mad#intFromHex": "String -> Integer",
      "luminosity": "#[Float, Float, Float] -> Float",
      "toList": "#[a, a, a] -> List a",
      "toTupleFloat": "#[Integer, Integer, Integer] -> #[Float, Float, Float]",
      "fromHexString": "String -> #[Integer, Integer, Integer]",
      "src/Random.mad#seededSeqBg": "String -> List String",
      "src/Hexadecimal.mad#hexChar": "Char -> Integer",
      "colorize": "String -> String -> String",
      "WHITE": "(Number a, Number b, Number c) => #[c, b, a]",
      "invert": "Number a => a -> a",
      "src/Hexadecimal.mad#toHexString": "#[Integer, Integer, Integer] -> String",
      "src/Math.mad#toAnsi256": "(Bits a, Comparable a, Number a) => a -> a -> a -> Float",
      "mapR": "(a -> a) -> #[a, a, a] -> #[a, a, a]",
      "src/Math.mad#channelB": "Integer -> Integer",
      "toHexString": "#[Integer, Integer, Integer] -> String",
      "toTupleInt": "#[Float, Float, Float] -> #[Integer, Integer, Integer]",
      "hexFromInt": "Integer -> String",
      "src/Math.mad#channelG": "Integer -> Integer",
      "toChannel": "Bits a => #[a, a, a] -> a",
      "mixer": "(#[a, a, a] -> #[a, a, a] -> #[b, b, b]) -> #[a, a, a] -> #[a, a, a] -> #[b, b, b]",
      "highContrast": "Boolean -> #[Float, Float, Float] -> #[Float, Float, Float] -> Boolean",
      "bwContrast": "#[Float, Float, Float] -> #[Float, Float, Float]",
      "src/Hexadecimal.mad#intToHex": "Integer -> Char",
      "src/Constants.mad#ANSI_BACKGROUND": "Number a => a",
      "src/Hexadecimal.mad#hexFromInt": "Integer -> String",
      "src/Random.mad#seededSeqFg": "String -> List String",
      "toInteger": "Number a => #[a, a, a] -> a",
      "rgbInvert": "Number a => #[a, a, a] -> #[a, a, a]",
      "src/Random.mad#seededSeq": "Integer -> String -> List String",
      "contrastLevel": "Boolean -> #[Float, Float, Float] -> #[Float, Float, Float] -> ContrastLevel",
      "change": "(a -> b) -> #[a, a, a] -> #[b, b, b]",
      "mapRGB": "(a -> b) -> (a -> b) -> (a -> b) -> #[a, a, a] -> #[b, b, b]",
      "toFloat": "(Number a, Number b, Number c) => #[c, b, a] -> Float",
      "src/Random.mad#colorFromSeed": "{ get :: {} -> Seed, update :: {} -> {} } -> #[Integer, Integer, Integer]",
      "bwContrastHex": "String -> String",
      "fromFloat": "Integer -> #[Integer, Integer, Integer]",
      "contrast": "#[Float, Float, Float] -> #[Float, Float, Float] -> Float",
      "mapB": "(a -> a) -> #[a, a, a] -> #[a, a, a]",
      "src/Math.mad#channelR": "Integer -> Integer",
      "mapG": "(a -> a) -> #[a, a, a] -> #[a, a, a]"
    },
    "apiTypes": {
      "ContrastLevel": [
        "AAALarge",
        "AALarge",
        "AAA",
        "AA",
        "LowContrast"
      ]
    }
  },
  "versionHash": "25e64aa754c310d45c1e084d574c1bb0"
}
